
Microsoft Visual Studio Solution File, Format Version 12.00
# Visual Studio Version 17
VisualStudioVersion = 17.5.33516.290
MinimumVisualStudioVersion = 10.0.40219.1
Project("{9A19103F-16F7-4668-BE54-9A1E7A4F7556}") = "VillaAPI", "VillaAPI\VillaAPI.csproj", "{AA5C8D97-62F9-4490-B77C-2BBF3931DE10}"
EndProject
Project("{FAE04EC0-301F-11D3-BF4B-00C04F79EFBC}") = "VillaWeb", "VillaWeb\VillaWeb.csproj", "{AB30EA4D-4224-469B-927D-B5FC5CA8EF56}"
EndProject
Project("{FAE04EC0-301F-11D3-BF4B-00C04F79EFBC}") = "VillaUtility", "VillaUtility\VillaUtility.csproj", "{8155C6B1-3EA1-4C95-9400-08BAA48F2597}"
EndProject
Global
	GlobalSection(SolutionConfigurationPlatforms) = preSolution
		Debug|Any CPU = Debug|Any CPU
		Release|Any CPU = Release|Any CPU
	EndGlobalSection
	GlobalSection(ProjectConfigurationPlatforms) = postSolution
		{AA5C8D97-62F9-4490-B77C-2BBF3931DE10}.Debug|Any CPU.ActiveCfg = Debug|Any CPU
		{AA5C8D97-62F9-4490-B77C-2BBF3931DE10}.Debug|Any CPU.Build.0 = Debug|Any CPU
		{AA5C8D97-62F9-4490-B77C-2BBF3931DE10}.Release|Any CPU.ActiveCfg = Release|Any CPU
		{AA5C8D97-62F9-4490-B77C-2BBF3931DE10}.Release|Any CPU.Build.0 = Release|Any CPU
		{AB30EA4D-4224-469B-927D-B5FC5CA8EF56}.Debug|Any CPU.ActiveCfg = Debug|Any CPU
		{AB30EA4D-4224-469B-927D-B5FC5CA8EF56}.Debug|Any CPU.Build.0 = Debug|Any CPU
		{AB30EA4D-4224-469B-927D-B5FC5CA8EF56}.Release|Any CPU.ActiveCfg = Release|Any CPU
		{AB30EA4D-4224-469B-927D-B5FC5CA8EF56}.Release|Any CPU.Build.0 = Release|Any CPU
		{8155C6B1-3EA1-4C95-9400-08BAA48F2597}.Debug|Any CPU.ActiveCfg = Debug|Any CPU
		{8155C6B1-3EA1-4C95-9400-08BAA48F2597}.Debug|Any CPU.Build.0 = Debug|Any CPU
		{8155C6B1-3EA1-4C95-9400-08BAA48F2597}.Release|Any CPU.ActiveCfg = Release|Any CPU
		{8155C6B1-3EA1-4C95-9400-08BAA48F2597}.Release|Any CPU.Build.0 = Release|Any CPU
	EndGlobalSection
	GlobalSection(SolutionProperties) = preSolution
		HideSolutionNode = FALSE
	EndGlobalSection
	GlobalSection(ExtensibilityGlobals) = postSolution
		SolutionGuid = {C1923932-E0F5-4F59-9F49-E412CCEE6F56}
	EndGlobalSection
EndGlobal
